
Microsoft Visual Studio Solution File, Format Version 12.00
# Visual Studio 15
VisualStudioVersion = 15.0.26430.13
MinimumVisualStudioVersion = 10.0.40219.1
Project("{FAE04EC0-301F-11D3-BF4B-00C04F79EFBC}") = "WPMTK", "WPMTK\WPMTK.csproj", "{468C9DDA-8500-4A9E-938F-4BA5AFA5C42C}"
EndProject
Project("{FAE04EC0-301F-11D3-BF4B-00C04F79EFBC}") = "Test", "Test\Test.csproj", "{B35A5D9F-F2D9-431A-A6C0-332AF882185D}"
EndProject
Project("{FAE04EC0-301F-11D3-BF4B-00C04F79EFBC}") = "OverlayTest1", "OverlayTest1\OverlayTest1.csproj", "{A5101379-A688-4414-A89A-E0AD61E90F23}"
EndProject
Project("{FAE04EC0-301F-11D3-BF4B-00C04F79EFBC}") = "WOTK", "OverlayLib\WOTK.csproj", "{16744261-05D1-4FE6-B694-F038D69BEE1C}"
EndProject
Project("{FAE04EC0-301F-11D3-BF4B-00C04F79EFBC}") = "WindowsFormsApp1", "WindowsFormsApp1\WindowsFormsApp1.csproj", "{AC98918D-083A-48E7-9DD1-F223431F4DA3}"
EndProject
Global
	GlobalSection(SolutionConfigurationPlatforms) = preSolution
		Debug|Any CPU = Debug|Any CPU
		Release|Any CPU = Release|Any CPU
	EndGlobalSection
	GlobalSection(ProjectConfigurationPlatforms) = postSolution
		{468C9DDA-8500-4A9E-938F-4BA5AFA5C42C}.Debug|Any CPU.ActiveCfg = Debug|Any CPU
		{468C9DDA-8500-4A9E-938F-4BA5AFA5C42C}.Debug|Any CPU.Build.0 = Debug|Any CPU
		{468C9DDA-8500-4A9E-938F-4BA5AFA5C42C}.Release|Any CPU.ActiveCfg = Release|Any CPU
		{468C9DDA-8500-4A9E-938F-4BA5AFA5C42C}.Release|Any CPU.Build.0 = Release|Any CPU
		{B35A5D9F-F2D9-431A-A6C0-332AF882185D}.Debug|Any CPU.ActiveCfg = Debug|Any CPU
		{B35A5D9F-F2D9-431A-A6C0-332AF882185D}.Debug|Any CPU.Build.0 = Debug|Any CPU
		{B35A5D9F-F2D9-431A-A6C0-332AF882185D}.Release|Any CPU.ActiveCfg = Release|Any CPU
		{B35A5D9F-F2D9-431A-A6C0-332AF882185D}.Release|Any CPU.Build.0 = Release|Any CPU
		{A5101379-A688-4414-A89A-E0AD61E90F23}.Debug|Any CPU.ActiveCfg = Debug|Any CPU
		{A5101379-A688-4414-A89A-E0AD61E90F23}.Debug|Any CPU.Build.0 = Debug|Any CPU
		{A5101379-A688-4414-A89A-E0AD61E90F23}.Release|Any CPU.ActiveCfg = Release|Any CPU
		{A5101379-A688-4414-A89A-E0AD61E90F23}.Release|Any CPU.Build.0 = Release|Any CPU
		{16744261-05D1-4FE6-B694-F038D69BEE1C}.Debug|Any CPU.ActiveCfg = Debug|Any CPU
		{16744261-05D1-4FE6-B694-F038D69BEE1C}.Debug|Any CPU.Build.0 = Debug|Any CPU
		{16744261-05D1-4FE6-B694-F038D69BEE1C}.Release|Any CPU.ActiveCfg = Release|Any CPU
		{16744261-05D1-4FE6-B694-F038D69BEE1C}.Release|Any CPU.Build.0 = Release|Any CPU
		{AC98918D-083A-48E7-9DD1-F223431F4DA3}.Debug|Any CPU.ActiveCfg = Debug|Any CPU
		{AC98918D-083A-48E7-9DD1-F223431F4DA3}.Debug|Any CPU.Build.0 = Debug|Any CPU
		{AC98918D-083A-48E7-9DD1-F223431F4DA3}.Release|Any CPU.ActiveCfg = Release|Any CPU
		{AC98918D-083A-48E7-9DD1-F223431F4DA3}.Release|Any CPU.Build.0 = Release|Any CPU
	EndGlobalSection
	GlobalSection(SolutionProperties) = preSolution
		HideSolutionNode = FALSE
	EndGlobalSection
EndGlobal
